{
  "name": "atls",
  "version": "1.0.0",
  "lockfileVersion": 1,
  "requires": true,
  "dependencies": {
    "@types/argparse": {
      "version": "1.0.34",
      "resolved": "https://registry.npmjs.org/@types/argparse/-/argparse-1.0.34.tgz",
      "integrity": "sha512-hY3S3Ow7k9ieBC3uEaiAluDrnPnAYsHZckOHr+nMWTgdFXa4Q6BqH5512y8mARLT8jExHhrpAiJoBdInCGd2PA==",
      "dev": true
    }
  }
}
